
Microsoft Visual Studio Solution File, Format Version 12.00
# Visual Studio Version 16
VisualStudioVersion = 16.0.32106.194
MinimumVisualStudioVersion = 10.0.40219.1
Project("{FAE04EC0-301F-11D3-BF4B-00C04F79EFBC}") = "Projeto01.Comandoif01", "Projeto01.Comandoif01\Projeto01.Comandoif01.csproj", "{16F4D62E-E452-439B-BC15-0C5E6B421D37}"
EndProject
Project("{FAE04EC0-301F-11D3-BF4B-00C04F79EFBC}") = "Desafio01.Escola", "Desafio01.Escola\Desafio01.Escola.csproj", "{F50E436E-44BE-4E78-94AD-DE764F481C5E}"
EndProject
Global
	GlobalSection(SolutionConfigurationPlatforms) = preSolution
		Debug|Any CPU = Debug|Any CPU
		Release|Any CPU = Release|Any CPU
	EndGlobalSection
	GlobalSection(ProjectConfigurationPlatforms) = postSolution
		{16F4D62E-E452-439B-BC15-0C5E6B421D37}.Debug|Any CPU.ActiveCfg = Debug|Any CPU
		{16F4D62E-E452-439B-BC15-0C5E6B421D37}.Debug|Any CPU.Build.0 = Debug|Any CPU
		{16F4D62E-E452-439B-BC15-0C5E6B421D37}.Release|Any CPU.ActiveCfg = Release|Any CPU
		{16F4D62E-E452-439B-BC15-0C5E6B421D37}.Release|Any CPU.Build.0 = Release|Any CPU
		{F50E436E-44BE-4E78-94AD-DE764F481C5E}.Debug|Any CPU.ActiveCfg = Debug|Any CPU
		{F50E436E-44BE-4E78-94AD-DE764F481C5E}.Debug|Any CPU.Build.0 = Debug|Any CPU
		{F50E436E-44BE-4E78-94AD-DE764F481C5E}.Release|Any CPU.ActiveCfg = Release|Any CPU
		{F50E436E-44BE-4E78-94AD-DE764F481C5E}.Release|Any CPU.Build.0 = Release|Any CPU
	EndGlobalSection
	GlobalSection(SolutionProperties) = preSolution
		HideSolutionNode = FALSE
	EndGlobalSection
	GlobalSection(ExtensibilityGlobals) = postSolution
		SolutionGuid = {084581F8-CBAE-405B-9DE3-DAEFF7D8D27F}
	EndGlobalSection
EndGlobal
